
Microsoft Visual Studio Solution File, Format Version 12.00
# Visual Studio 2012
Project("{FAE04EC0-301F-11D3-BF4B-00C04F79EFBC}") = "HOMEWORK METHOTHS AND RECURSION", "HOMEWORK METHOTHS AND RECURSION\HOMEWORK METHOTHS AND RECURSION.csproj", "{FF742C4A-0B73-4DDC-A8E1-CD22A5E2BFB9}"
EndProject
Project("{FAE04EC0-301F-11D3-BF4B-00C04F79EFBC}") = "CALLMETHODS WITH GREATING", "CALLMETHODS WITH GREATING\CALLMETHODS WITH GREATING.csproj", "{0014F778-A919-490B-88EF-830AED711922}"
EndProject
Project("{FAE04EC0-301F-11D3-BF4B-00C04F79EFBC}") = "CALLFUNCTION 10 TIMES", "CALLFUNCTION 10 TIMES\CALLFUNCTION 10 TIMES.csproj", "{7D7DF877-5F12-42FA-87A8-F59BAAD8DF00}"
EndProject
Project("{FAE04EC0-301F-11D3-BF4B-00C04F79EFBC}") = "CALCULATEFACTORIAL WITH RECURSION", "CALCULATEFACTORIAL WITH RECURSION\CALCULATEFACTORIAL WITH RECURSION.csproj", "{87C29D5F-41BD-488C-AE86-A3D3B4070937}"
EndProject
Project("{FAE04EC0-301F-11D3-BF4B-00C04F79EFBC}") = "PERMUTATION", "PERMUTATION\PERMUTATION.csproj", "{0C13A15D-D011-4AB7-AAAC-4601B93663B9}"
EndProject
Project("{FAE04EC0-301F-11D3-BF4B-00C04F79EFBC}") = "EVEN OR ODD", "EVEN OR ODD\EVEN OR ODD.csproj", "{743B37D9-F761-4685-B173-882EA6C92904}"
EndProject
Project("{FAE04EC0-301F-11D3-BF4B-00C04F79EFBC}") = "PRINT ALL SIMETRICAL NUMBERS", "PRINT ALL SIMETRICAL NUMBERS\PRINT ALL SIMETRICAL NUMBERS.csproj", "{33D2AF97-CD68-4511-91AE-31E5A80739A4}"
EndProject
Global
	GlobalSection(SolutionConfigurationPlatforms) = preSolution
		Debug|Any CPU = Debug|Any CPU
		Release|Any CPU = Release|Any CPU
	EndGlobalSection
	GlobalSection(ProjectConfigurationPlatforms) = postSolution
		{FF742C4A-0B73-4DDC-A8E1-CD22A5E2BFB9}.Debug|Any CPU.ActiveCfg = Debug|Any CPU
		{FF742C4A-0B73-4DDC-A8E1-CD22A5E2BFB9}.Debug|Any CPU.Build.0 = Debug|Any CPU
		{FF742C4A-0B73-4DDC-A8E1-CD22A5E2BFB9}.Release|Any CPU.ActiveCfg = Release|Any CPU
		{FF742C4A-0B73-4DDC-A8E1-CD22A5E2BFB9}.Release|Any CPU.Build.0 = Release|Any CPU
		{0014F778-A919-490B-88EF-830AED711922}.Debug|Any CPU.ActiveCfg = Debug|Any CPU
		{0014F778-A919-490B-88EF-830AED711922}.Debug|Any CPU.Build.0 = Debug|Any CPU
		{0014F778-A919-490B-88EF-830AED711922}.Release|Any CPU.ActiveCfg = Release|Any CPU
		{0014F778-A919-490B-88EF-830AED711922}.Release|Any CPU.Build.0 = Release|Any CPU
		{7D7DF877-5F12-42FA-87A8-F59BAAD8DF00}.Debug|Any CPU.ActiveCfg = Debug|Any CPU
		{7D7DF877-5F12-42FA-87A8-F59BAAD8DF00}.Debug|Any CPU.Build.0 = Debug|Any CPU
		{7D7DF877-5F12-42FA-87A8-F59BAAD8DF00}.Release|Any CPU.ActiveCfg = Release|Any CPU
		{7D7DF877-5F12-42FA-87A8-F59BAAD8DF00}.Release|Any CPU.Build.0 = Release|Any CPU
		{87C29D5F-41BD-488C-AE86-A3D3B4070937}.Debug|Any CPU.ActiveCfg = Debug|Any CPU
		{87C29D5F-41BD-488C-AE86-A3D3B4070937}.Debug|Any CPU.Build.0 = Debug|Any CPU
		{87C29D5F-41BD-488C-AE86-A3D3B4070937}.Release|Any CPU.ActiveCfg = Release|Any CPU
		{87C29D5F-41BD-488C-AE86-A3D3B4070937}.Release|Any CPU.Build.0 = Release|Any CPU
		{0C13A15D-D011-4AB7-AAAC-4601B93663B9}.Debug|Any CPU.ActiveCfg = Debug|Any CPU
		{0C13A15D-D011-4AB7-AAAC-4601B93663B9}.Debug|Any CPU.Build.0 = Debug|Any CPU
		{0C13A15D-D011-4AB7-AAAC-4601B93663B9}.Release|Any CPU.ActiveCfg = Release|Any CPU
		{0C13A15D-D011-4AB7-AAAC-4601B93663B9}.Release|Any CPU.Build.0 = Release|Any CPU
		{743B37D9-F761-4685-B173-882EA6C92904}.Debug|Any CPU.ActiveCfg = Debug|Any CPU
		{743B37D9-F761-4685-B173-882EA6C92904}.Debug|Any CPU.Build.0 = Debug|Any CPU
		{743B37D9-F761-4685-B173-882EA6C92904}.Release|Any CPU.ActiveCfg = Release|Any CPU
		{743B37D9-F761-4685-B173-882EA6C92904}.Release|Any CPU.Build.0 = Release|Any CPU
		{33D2AF97-CD68-4511-91AE-31E5A80739A4}.Debug|Any CPU.ActiveCfg = Debug|Any CPU
		{33D2AF97-CD68-4511-91AE-31E5A80739A4}.Debug|Any CPU.Build.0 = Debug|Any CPU
		{33D2AF97-CD68-4511-91AE-31E5A80739A4}.Release|Any CPU.ActiveCfg = Release|Any CPU
		{33D2AF97-CD68-4511-91AE-31E5A80739A4}.Release|Any CPU.Build.0 = Release|Any CPU
	EndGlobalSection
	GlobalSection(SolutionProperties) = preSolution
		HideSolutionNode = FALSE
	EndGlobalSection
EndGlobal
