
Microsoft Visual Studio Solution File, Format Version 12.00
# Visual Studio 2012
Project("{FAE04EC0-301F-11D3-BF4B-00C04F79EFBC}") = "HomeworkExceptions", "HomeworkExceptions\HomeworkExceptions.csproj", "{82E0093E-A67C-4B07-BD16-DE352F51922E}"
EndProject
Project("{FAE04EC0-301F-11D3-BF4B-00C04F79EFBC}") = "SentenceNotCompletedException", "SentenceNotCompletedException\SentenceNotCompletedException.csproj", "{B2BFC04A-62C0-40D8-B61B-35BC1921D333}"
EndProject
Global
	GlobalSection(SolutionConfigurationPlatforms) = preSolution
		Debug|Any CPU = Debug|Any CPU
		Release|Any CPU = Release|Any CPU
	EndGlobalSection
	GlobalSection(ProjectConfigurationPlatforms) = postSolution
		{82E0093E-A67C-4B07-BD16-DE352F51922E}.Debug|Any CPU.ActiveCfg = Debug|Any CPU
		{82E0093E-A67C-4B07-BD16-DE352F51922E}.Debug|Any CPU.Build.0 = Debug|Any CPU
		{82E0093E-A67C-4B07-BD16-DE352F51922E}.Release|Any CPU.ActiveCfg = Release|Any CPU
		{82E0093E-A67C-4B07-BD16-DE352F51922E}.Release|Any CPU.Build.0 = Release|Any CPU
		{B2BFC04A-62C0-40D8-B61B-35BC1921D333}.Debug|Any CPU.ActiveCfg = Debug|Any CPU
		{B2BFC04A-62C0-40D8-B61B-35BC1921D333}.Debug|Any CPU.Build.0 = Debug|Any CPU
		{B2BFC04A-62C0-40D8-B61B-35BC1921D333}.Release|Any CPU.ActiveCfg = Release|Any CPU
		{B2BFC04A-62C0-40D8-B61B-35BC1921D333}.Release|Any CPU.Build.0 = Release|Any CPU
	EndGlobalSection
	GlobalSection(SolutionProperties) = preSolution
		HideSolutionNode = FALSE
	EndGlobalSection
EndGlobal
