
Microsoft Visual Studio Solution File, Format Version 12.00
# Visual Studio 2012
Project("{FAE04EC0-301F-11D3-BF4B-00C04F79EFBC}") = "HOMEWORKDATASTRUCTURE", "HOMEWORKDATASTRUCTURE\HOMEWORKDATASTRUCTURE.csproj", "{D467A245-9308-4EE0-B26E-065936CEFAAF}"
EndProject
Project("{FAE04EC0-301F-11D3-BF4B-00C04F79EFBC}") = "REMOVEODDNUMBERS", "REMOVEODDNUMBERS\REMOVEODDNUMBERS.csproj", "{8CB26E2B-DA25-457E-AD8C-5913EA073D7C}"
EndProject
Project("{FAE04EC0-301F-11D3-BF4B-00C04F79EFBC}") = "task 3", "task 3\task 3.csproj", "{BAEBE2CB-7E37-4A32-8559-F44D1CE5C3A6}"
EndProject
Project("{FAE04EC0-301F-11D3-BF4B-00C04F79EFBC}") = "task 4", "task 4\task 4.csproj", "{9C301560-2D32-4EE6-AC51-DCC6992198D2}"
EndProject
Project("{FAE04EC0-301F-11D3-BF4B-00C04F79EFBC}") = "task 5", "task 5\task 5.csproj", "{BD8E94DF-7E08-4560-B08A-C087235D373F}"
EndProject
Project("{FAE04EC0-301F-11D3-BF4B-00C04F79EFBC}") = "task 6", "task 6\task 6.csproj", "{A58846F5-FF38-4139-BA5F-D2117A0B8CDE}"
EndProject
Project("{FAE04EC0-301F-11D3-BF4B-00C04F79EFBC}") = "TASK 7", "TASK 7\TASK 7.csproj", "{0364CAEF-D0B7-42CB-9A0C-F69E5371D960}"
EndProject
Global
	GlobalSection(SolutionConfigurationPlatforms) = preSolution
		Debug|Any CPU = Debug|Any CPU
		Release|Any CPU = Release|Any CPU
	EndGlobalSection
	GlobalSection(ProjectConfigurationPlatforms) = postSolution
		{D467A245-9308-4EE0-B26E-065936CEFAAF}.Debug|Any CPU.ActiveCfg = Debug|Any CPU
		{D467A245-9308-4EE0-B26E-065936CEFAAF}.Debug|Any CPU.Build.0 = Debug|Any CPU
		{D467A245-9308-4EE0-B26E-065936CEFAAF}.Release|Any CPU.ActiveCfg = Release|Any CPU
		{D467A245-9308-4EE0-B26E-065936CEFAAF}.Release|Any CPU.Build.0 = Release|Any CPU
		{8CB26E2B-DA25-457E-AD8C-5913EA073D7C}.Debug|Any CPU.ActiveCfg = Debug|Any CPU
		{8CB26E2B-DA25-457E-AD8C-5913EA073D7C}.Debug|Any CPU.Build.0 = Debug|Any CPU
		{8CB26E2B-DA25-457E-AD8C-5913EA073D7C}.Release|Any CPU.ActiveCfg = Release|Any CPU
		{8CB26E2B-DA25-457E-AD8C-5913EA073D7C}.Release|Any CPU.Build.0 = Release|Any CPU
		{BAEBE2CB-7E37-4A32-8559-F44D1CE5C3A6}.Debug|Any CPU.ActiveCfg = Debug|Any CPU
		{BAEBE2CB-7E37-4A32-8559-F44D1CE5C3A6}.Debug|Any CPU.Build.0 = Debug|Any CPU
		{BAEBE2CB-7E37-4A32-8559-F44D1CE5C3A6}.Release|Any CPU.ActiveCfg = Release|Any CPU
		{BAEBE2CB-7E37-4A32-8559-F44D1CE5C3A6}.Release|Any CPU.Build.0 = Release|Any CPU
		{9C301560-2D32-4EE6-AC51-DCC6992198D2}.Debug|Any CPU.ActiveCfg = Debug|Any CPU
		{9C301560-2D32-4EE6-AC51-DCC6992198D2}.Debug|Any CPU.Build.0 = Debug|Any CPU
		{9C301560-2D32-4EE6-AC51-DCC6992198D2}.Release|Any CPU.ActiveCfg = Release|Any CPU
		{9C301560-2D32-4EE6-AC51-DCC6992198D2}.Release|Any CPU.Build.0 = Release|Any CPU
		{BD8E94DF-7E08-4560-B08A-C087235D373F}.Debug|Any CPU.ActiveCfg = Debug|Any CPU
		{BD8E94DF-7E08-4560-B08A-C087235D373F}.Debug|Any CPU.Build.0 = Debug|Any CPU
		{BD8E94DF-7E08-4560-B08A-C087235D373F}.Release|Any CPU.ActiveCfg = Release|Any CPU
		{BD8E94DF-7E08-4560-B08A-C087235D373F}.Release|Any CPU.Build.0 = Release|Any CPU
		{A58846F5-FF38-4139-BA5F-D2117A0B8CDE}.Debug|Any CPU.ActiveCfg = Debug|Any CPU
		{A58846F5-FF38-4139-BA5F-D2117A0B8CDE}.Debug|Any CPU.Build.0 = Debug|Any CPU
		{A58846F5-FF38-4139-BA5F-D2117A0B8CDE}.Release|Any CPU.ActiveCfg = Release|Any CPU
		{A58846F5-FF38-4139-BA5F-D2117A0B8CDE}.Release|Any CPU.Build.0 = Release|Any CPU
		{0364CAEF-D0B7-42CB-9A0C-F69E5371D960}.Debug|Any CPU.ActiveCfg = Debug|Any CPU
		{0364CAEF-D0B7-42CB-9A0C-F69E5371D960}.Debug|Any CPU.Build.0 = Debug|Any CPU
		{0364CAEF-D0B7-42CB-9A0C-F69E5371D960}.Release|Any CPU.ActiveCfg = Release|Any CPU
		{0364CAEF-D0B7-42CB-9A0C-F69E5371D960}.Release|Any CPU.Build.0 = Release|Any CPU
	EndGlobalSection
	GlobalSection(SolutionProperties) = preSolution
		HideSolutionNode = FALSE
	EndGlobalSection
EndGlobal
